{
  "name": "baseline-tooling-starter",
  "version": "0.1.0",
  "lockfileVersion": 3,
  "requires": true,
  "packages": {
    "": {
      "name": "baseline-tooling-starter",
      "version": "0.1.0",
      "license": "MIT",
      "dependencies": {
        "web-features": "^1.4.0"
      },
      "bin": {
        "baseline": "src/index.js"
      }
    },
    "node_modules/web-features": {
      "version": "1.4.0",
      "resolved": "https://registry.npmjs.org/web-features/-/web-features-1.4.0.tgz",
      "integrity": "sha512-vnjqxTx20h0avWsp0OUl0SJSRAH3GkUe4mL+NmILr+qdOHFGZJqNs+rDPyJMAaBrjhs8X43WS3b/TTSfx7NWAQ==",
      "license": "Apache-2.0"
    }
  }
}
